
Microsoft Visual Studio Solution File, Format Version 12.00
# Visual Studio Version 17
VisualStudioVersion = 17.14.36414.22
MinimumVisualStudioVersion = 10.0.40219.1
Project("{FAE04EC0-301F-11D3-BF4B-00C04F79EFBC}") = "CMCS 2025 POE PART 2", "CMCS 2025 POE PART 2\CMCS 2025 POE PART 2.csproj", "{386A9D9A-C28D-4EFB-9636-C4C046FB688F}"
EndProject
Project("{FAE04EC0-301F-11D3-BF4B-00C04F79EFBC}") = "CMCS Test", "CMCS Test\CMCS Test.csproj", "{51500E9D-70F3-4A69-A3B3-71F61A235C26}"
EndProject
Global
	GlobalSection(SolutionConfigurationPlatforms) = preSolution
		Debug|Any CPU = Debug|Any CPU
		Release|Any CPU = Release|Any CPU
	EndGlobalSection
	GlobalSection(ProjectConfigurationPlatforms) = postSolution
		{386A9D9A-C28D-4EFB-9636-C4C046FB688F}.Debug|Any CPU.ActiveCfg = Debug|Any CPU
		{386A9D9A-C28D-4EFB-9636-C4C046FB688F}.Debug|Any CPU.Build.0 = Debug|Any CPU
		{386A9D9A-C28D-4EFB-9636-C4C046FB688F}.Release|Any CPU.ActiveCfg = Release|Any CPU
		{386A9D9A-C28D-4EFB-9636-C4C046FB688F}.Release|Any CPU.Build.0 = Release|Any CPU
		{51500E9D-70F3-4A69-A3B3-71F61A235C26}.Debug|Any CPU.ActiveCfg = Debug|Any CPU
		{51500E9D-70F3-4A69-A3B3-71F61A235C26}.Debug|Any CPU.Build.0 = Debug|Any CPU
		{51500E9D-70F3-4A69-A3B3-71F61A235C26}.Release|Any CPU.ActiveCfg = Release|Any CPU
		{51500E9D-70F3-4A69-A3B3-71F61A235C26}.Release|Any CPU.Build.0 = Release|Any CPU
	EndGlobalSection
	GlobalSection(SolutionProperties) = preSolution
		HideSolutionNode = FALSE
	EndGlobalSection
	GlobalSection(ExtensibilityGlobals) = postSolution
		SolutionGuid = {55EB1C52-21DF-405C-9FB4-7CDF1FB1ABE6}
	EndGlobalSection
EndGlobal
